
Microsoft Visual Studio Solution File, Format Version 12.00
# Visual Studio Version 17
VisualStudioVersion = 17.4.33205.214
MinimumVisualStudioVersion = 10.0.40219.1
Project("{FAE04EC0-301F-11D3-BF4B-00C04F79EFBC}") = "QMS", "QMS\QMS.csproj", "{8CC38244-DDAD-4922-A7BF-D87EDE345BDA}"
EndProject
Global
	GlobalSection(SolutionConfigurationPlatforms) = preSolution
		Debug|Any CPU = Debug|Any CPU
		Release|Any CPU = Release|Any CPU
	EndGlobalSection
	GlobalSection(ProjectConfigurationPlatforms) = postSolution
		{8CC38244-DDAD-4922-A7BF-D87EDE345BDA}.Debug|Any CPU.ActiveCfg = Debug|Any CPU
		{8CC38244-DDAD-4922-A7BF-D87EDE345BDA}.Debug|Any CPU.Build.0 = Debug|Any CPU
		{8CC38244-DDAD-4922-A7BF-D87EDE345BDA}.Release|Any CPU.ActiveCfg = Release|Any CPU
		{8CC38244-DDAD-4922-A7BF-D87EDE345BDA}.Release|Any CPU.Build.0 = Release|Any CPU
	EndGlobalSection
	GlobalSection(SolutionProperties) = preSolution
		HideSolutionNode = FALSE
	EndGlobalSection
	GlobalSection(ExtensibilityGlobals) = postSolution
		SolutionGuid = {D6BFCAB3-91AE-474D-8014-66AD3F6EC559}
	EndGlobalSection
EndGlobal
